
Microsoft Visual Studio Solution File, Format Version 12.00
Project("{FAE04EC0-301F-11D3-BF4B-00C04F79EFBC}") = "MeetAndPlay.Identity", "MeetAndPlay.Identity\MeetAndPlay.Identity.csproj", "{3FE7FC81-09C6-4D5C-80FE-0A67AF313DDE}"
EndProject
Project("{FAE04EC0-301F-11D3-BF4B-00C04F79EFBC}") = "MeetAndPlay.Web", "MeetAndPlay.Web\MeetAndPlay.Web.csproj", "{88F4C858-499F-4CC8-A210-E3BCEBD397F6}"
EndProject
Project("{FAE04EC0-301F-11D3-BF4B-00C04F79EFBC}") = "MeetAndPlay.API", "MeetAndPlay.API\MeetAndPlay.API.csproj", "{EBCF0342-EB42-4C4D-861C-EE431EFA35A5}"
EndProject
Project("{FAE04EC0-301F-11D3-BF4B-00C04F79EFBC}") = "MeetAndPlay.Data", "MeetAndPlay.Data\MeetAndPlay.Data.csproj", "{CB648724-91A8-4DC8-9AF7-8636EC545754}"
EndProject
Project("{FAE04EC0-301F-11D3-BF4B-00C04F79EFBC}") = "MeetAndPlay.Core", "MeetAndPlay.Core\MeetAndPlay.Core.csproj", "{E87B408F-F2F6-40FC-BCC6-FDA2634C0936}"
EndProject
Project("{FAE04EC0-301F-11D3-BF4B-00C04F79EFBC}") = "MeetAndPlay.Core.Abstraction", "MeetAndPlay.Core.Abstraction\MeetAndPlay.Core.Abstraction.csproj", "{C3F762B1-3183-49AB-BBC7-6FFA6D63BE10}"
EndProject
Project("{FAE04EC0-301F-11D3-BF4B-00C04F79EFBC}") = "AuthApp", "AuthApp\AuthApp.csproj", "{D3D8B86B-E4F2-4720-B3E4-ED8F5DAD96E6}"
EndProject
Project("{FAE04EC0-301F-11D3-BF4B-00C04F79EFBC}") = "AuthAppWASM", "AuthAppWASM\AuthAppWASM.csproj", "{BDDAD827-F62C-4496-8B8A-88B62D597D85}"
EndProject
Global
	GlobalSection(SolutionConfigurationPlatforms) = preSolution
		Debug|Any CPU = Debug|Any CPU
		Release|Any CPU = Release|Any CPU
	EndGlobalSection
	GlobalSection(ProjectConfigurationPlatforms) = postSolution
		{3FE7FC81-09C6-4D5C-80FE-0A67AF313DDE}.Debug|Any CPU.ActiveCfg = Debug|Any CPU
		{3FE7FC81-09C6-4D5C-80FE-0A67AF313DDE}.Debug|Any CPU.Build.0 = Debug|Any CPU
		{3FE7FC81-09C6-4D5C-80FE-0A67AF313DDE}.Release|Any CPU.ActiveCfg = Release|Any CPU
		{3FE7FC81-09C6-4D5C-80FE-0A67AF313DDE}.Release|Any CPU.Build.0 = Release|Any CPU
		{88F4C858-499F-4CC8-A210-E3BCEBD397F6}.Debug|Any CPU.ActiveCfg = Debug|Any CPU
		{88F4C858-499F-4CC8-A210-E3BCEBD397F6}.Debug|Any CPU.Build.0 = Debug|Any CPU
		{88F4C858-499F-4CC8-A210-E3BCEBD397F6}.Release|Any CPU.ActiveCfg = Release|Any CPU
		{88F4C858-499F-4CC8-A210-E3BCEBD397F6}.Release|Any CPU.Build.0 = Release|Any CPU
		{EBCF0342-EB42-4C4D-861C-EE431EFA35A5}.Debug|Any CPU.ActiveCfg = Debug|Any CPU
		{EBCF0342-EB42-4C4D-861C-EE431EFA35A5}.Debug|Any CPU.Build.0 = Debug|Any CPU
		{EBCF0342-EB42-4C4D-861C-EE431EFA35A5}.Release|Any CPU.ActiveCfg = Release|Any CPU
		{EBCF0342-EB42-4C4D-861C-EE431EFA35A5}.Release|Any CPU.Build.0 = Release|Any CPU
		{CB648724-91A8-4DC8-9AF7-8636EC545754}.Debug|Any CPU.ActiveCfg = Debug|Any CPU
		{CB648724-91A8-4DC8-9AF7-8636EC545754}.Debug|Any CPU.Build.0 = Debug|Any CPU
		{CB648724-91A8-4DC8-9AF7-8636EC545754}.Release|Any CPU.ActiveCfg = Release|Any CPU
		{CB648724-91A8-4DC8-9AF7-8636EC545754}.Release|Any CPU.Build.0 = Release|Any CPU
		{E87B408F-F2F6-40FC-BCC6-FDA2634C0936}.Debug|Any CPU.ActiveCfg = Debug|Any CPU
		{E87B408F-F2F6-40FC-BCC6-FDA2634C0936}.Debug|Any CPU.Build.0 = Debug|Any CPU
		{E87B408F-F2F6-40FC-BCC6-FDA2634C0936}.Release|Any CPU.ActiveCfg = Release|Any CPU
		{E87B408F-F2F6-40FC-BCC6-FDA2634C0936}.Release|Any CPU.Build.0 = Release|Any CPU
		{C3F762B1-3183-49AB-BBC7-6FFA6D63BE10}.Debug|Any CPU.ActiveCfg = Debug|Any CPU
		{C3F762B1-3183-49AB-BBC7-6FFA6D63BE10}.Debug|Any CPU.Build.0 = Debug|Any CPU
		{C3F762B1-3183-49AB-BBC7-6FFA6D63BE10}.Release|Any CPU.ActiveCfg = Release|Any CPU
		{C3F762B1-3183-49AB-BBC7-6FFA6D63BE10}.Release|Any CPU.Build.0 = Release|Any CPU
		{D3D8B86B-E4F2-4720-B3E4-ED8F5DAD96E6}.Debug|Any CPU.ActiveCfg = Debug|Any CPU
		{D3D8B86B-E4F2-4720-B3E4-ED8F5DAD96E6}.Debug|Any CPU.Build.0 = Debug|Any CPU
		{D3D8B86B-E4F2-4720-B3E4-ED8F5DAD96E6}.Release|Any CPU.ActiveCfg = Release|Any CPU
		{D3D8B86B-E4F2-4720-B3E4-ED8F5DAD96E6}.Release|Any CPU.Build.0 = Release|Any CPU
		{BDDAD827-F62C-4496-8B8A-88B62D597D85}.Debug|Any CPU.ActiveCfg = Debug|Any CPU
		{BDDAD827-F62C-4496-8B8A-88B62D597D85}.Debug|Any CPU.Build.0 = Debug|Any CPU
		{BDDAD827-F62C-4496-8B8A-88B62D597D85}.Release|Any CPU.ActiveCfg = Release|Any CPU
		{BDDAD827-F62C-4496-8B8A-88B62D597D85}.Release|Any CPU.Build.0 = Release|Any CPU
	EndGlobalSection
EndGlobal
